{
    "name": "flowfields",
    "version": "1.0.0",
    "lockfileVersion": 2,
    "requires": true,
    "packages": {
        "": {
            "name": "flowfields",
            "version": "1.0.0",
            "license": "ISC",
            "dependencies": {
                "canvas-sketch": "^0.7.4",
                "canvas-sketch-util": "^1.10.0",
                "p5": "^1.4.0"
            }
        },
        "node_modules/abs-svg-path": {
            "version": "0.1.1",
            "resolved": "https://artifactory.uat.nuix.com:443/artifactory/api/npm/nuix-npm-virtual/abs-svg-path/-/abs-svg-path-0.1.1.tgz",
            "integrity": "sha1-32Acjo0roQ1KdtYl4japo5wnI78=",
            "license": "MIT"
        },
        "node_modules/adaptive-bezier-curve": {
            "version": "1.0.3",
            "resolved": "https://artifactory.uat.nuix.com:443/artifactory/api/npm/nuix-npm-virtual/adaptive-bezier-curve/-/adaptive-bezier-curve-1.0.3.tgz",
            "integrity": "sha1-R3V3q+h9coDUbKQWSfbCJkb+gic=",
            "license": "BSD-3-Clause"
        },
        "node_modules/almost-equal": {
            "version": "1.1.0",
            "resolved": "https://artifactory.uat.nuix.com:443/artifactory/api/npm/nuix-npm-virtual/almost-equal/-/almost-equal-1.1.0.tgz",
            "integrity": "sha1-+FHGMROHV5lCdqou++jfowZszN0=",
            "license": "MIT"
        },
        "node_modules/an-array": {
            "version": "1.0.0",
            "resolved": "https://artifactory.uat.nuix.com:443/artifactory/api/npm/nuix-npm-virtual/an-array/-/an-array-1.0.0.tgz",
            "integrity": "sha1-wSWlu4JXd4419LT2qpx9D6nkJmU=",
            "license": "MIT"
        },
        "node_modules/array-almost-equal": {
            "version": "1.0.0",
            "resolved": "https://artifactory.uat.nuix.com:443/artifactory/api/npm/nuix-npm-virtual/array-almost-equal/-/array-almost-equal-1.0.0.tgz",
            "integrity": "sha1-Q8VP9DUELpy/pCEqxJraX8c1n8U=",
            "license": "MIT",
            "dependencies": {
                "almost-equal": "0.0.0",
                "an-array": "^1.0.0"
            }
        },
        "node_modules/array-almost-equal/node_modules/almost-equal": {
            "version": "0.0.0",
            "resolved": "https://artifactory.uat.nuix.com:443/artifactory/api/npm/nuix-npm-virtual/almost-equal/-/almost-equal-0.0.0.tgz",
            "integrity": "sha1-56Wms0V7Z8g+4ARPmo0HY3NV8C0=",
            "license": "MIT"
        },
        "node_modules/call-bind": {
            "version": "1.0.2",
            "resolved": "https://artifactory.uat.nuix.com:443/artifactory/api/npm/nuix-npm-virtual/call-bind/-/call-bind-1.0.2.tgz",
            "integrity": "sha1-sdTonmiBGcPJqQOtMKuy9qkZvjw=",
            "license": "MIT",
            "dependencies": {
                "function-bind": "^1.1.1",
                "get-intrinsic": "^1.0.2"
            },
            "funding": {
                "url": "https://github.com/sponsors/ljharb"
            }
        },
        "node_modules/canvas-sketch": {
            "version": "0.7.4",
            "resolved": "https://artifactory.uat.nuix.com:443/artifactory/api/npm/nuix-npm-virtual/canvas-sketch/-/canvas-sketch-0.7.4.tgz",
            "integrity": "sha1-NY5O/IsBHp8Tq/sPyy/8ju0f4lU=",
            "license": "MIT",
            "dependencies": {
                "convert-length": "^1.0.1",
                "dateformat": "^3.0.3",
                "deep-equal": "^1.0.1",
                "get-canvas-context": "^1.0.2",
                "is-class": "0.0.5",
                "is-dom": "^1.0.9",
                "is-promise": "^2.1.0",
                "object-assign": "^4.1.1",
                "pad-left": "^2.1.0",
                "right-now": "^1.0.0"
            }
        },
        "node_modules/canvas-sketch-util": {
            "version": "1.10.0",
            "resolved": "https://artifactory.uat.nuix.com:443/artifactory/api/npm/nuix-npm-virtual/canvas-sketch-util/-/canvas-sketch-util-1.10.0.tgz",
            "integrity": "sha1-k9Eao3j4mR7Qg30b+OpzgTL0Hx4=",
            "license": "MIT",
            "dependencies": {
                "abs-svg-path": "^0.1.1",
                "almost-equal": "^1.1.0",
                "array-almost-equal": "^1.0.0",
                "clone": "^2.1.2",
                "color-luminance": "^2.1.0",
                "convert-length": "^1.0.1",
                "d3-path": "^1.0.8",
                "defined": "^1.0.0",
                "float-hsl2rgb": "^1.0.2",
                "float-rgb2hsl": "^1.0.1",
                "lineclip": "^1.1.5",
                "normalize-svg-path": "^1.0.1",
                "parse-color": "^1.0.0",
                "parse-svg-path": "^0.1.2",
                "primitive-quad": "^2.0.0",
                "regl": "^1.3.7",
                "seed-random": "^2.2.0",
                "simplex-noise": "^2.4.0",
                "svg-path-contours": "^2.0.0"
            }
        },
        "node_modules/clone": {
            "version": "2.1.2",
            "resolved": "https://artifactory.uat.nuix.com:443/artifactory/api/npm/nuix-npm-virtual/clone/-/clone-2.1.2.tgz",
            "integrity": "sha1-G39Ln1kfHo+DZwQBYANFoCiHQ18=",
            "license": "MIT",
            "engines": {
                "node": ">=0.8"
            }
        },
        "node_modules/color-convert": {
            "version": "0.5.3",
            "resolved": "https://artifactory.uat.nuix.com:443/artifactory/api/npm/nuix-npm-virtual/color-convert/-/color-convert-0.5.3.tgz",
            "integrity": "sha1-vbbGnOZg+t/+CwAHzER+G59ygr0="
        },
        "node_modules/color-luminance": {
            "version": "2.1.0",
            "resolved": "https://artifactory.uat.nuix.com:443/artifactory/api/npm/nuix-npm-virtual/color-luminance/-/color-luminance-2.1.0.tgz",
            "integrity": "sha1-WP8uvTK1LQf1N47v5aDnnWsxitc=",
            "license": "BSD-3-Clause"
        },
        "node_modules/convert-length": {
            "version": "1.0.1",
            "resolved": "https://artifactory.uat.nuix.com:443/artifactory/api/npm/nuix-npm-virtual/convert-length/-/convert-length-1.0.1.tgz",
            "integrity": "sha1-tmx9wffRgZFmZ8l39Xvi8esXwbc=",
            "license": "MIT",
            "dependencies": {
                "defined": "^1.0.0"
            }
        },
        "node_modules/d3-path": {
            "version": "1.0.9",
            "resolved": "https://artifactory.uat.nuix.com:443/artifactory/api/npm/nuix-npm-virtual/d3-path/-/d3-path-1.0.9.tgz",
            "integrity": "sha1-SMBQux/owmJJOoyvVSTj6VkXAc8=",
            "license": "BSD-3-Clause"
        },
        "node_modules/dateformat": {
            "version": "3.0.3",
            "resolved": "https://artifactory.uat.nuix.com:443/artifactory/api/npm/nuix-npm-virtual/dateformat/-/dateformat-3.0.3.tgz",
            "integrity": "sha1-puN0maTZqc+F71hyBE1ikByYia4=",
            "license": "MIT",
            "engines": {
                "node": "*"
            }
        },
        "node_modules/deep-equal": {
            "version": "1.1.1",
            "resolved": "https://artifactory.uat.nuix.com:443/artifactory/api/npm/nuix-npm-virtual/deep-equal/-/deep-equal-1.1.1.tgz",
            "integrity": "sha1-tcmMlCzv+vfLBR4k4UNKJaLmB2o=",
            "license": "MIT",
            "dependencies": {
                "is-arguments": "^1.0.4",
                "is-date-object": "^1.0.1",
                "is-regex": "^1.0.4",
                "object-is": "^1.0.1",
                "object-keys": "^1.1.1",
                "regexp.prototype.flags": "^1.2.0"
            },
            "funding": {
                "url": "https://github.com/sponsors/ljharb"
            }
        },
        "node_modules/define-properties": {
            "version": "1.1.3",
            "resolved": "https://artifactory.uat.nuix.com:443/artifactory/api/npm/nuix-npm-virtual/define-properties/-/define-properties-1.1.3.tgz",
            "integrity": "sha1-z4jabL7ib+bbcJT2HYcMvYTO6fE=",
            "license": "MIT",
            "dependencies": {
                "object-keys": "^1.0.12"
            },
            "engines": {
                "node": ">= 0.4"
            }
        },
        "node_modules/defined": {
            "version": "1.0.0",
            "resolved": "https://artifactory.uat.nuix.com:443/artifactory/api/npm/nuix-npm-virtual/defined/-/defined-1.0.0.tgz",
            "integrity": "sha1-yY2bzvdWdBiOEQlpFRGZ45sfppM=",
            "license": "MIT"
        },
        "node_modules/float-hsl2rgb": {
            "version": "1.0.2",
            "resolved": "https://artifactory.uat.nuix.com:443/artifactory/api/npm/nuix-npm-virtual/float-hsl2rgb/-/float-hsl2rgb-1.0.2.tgz",
            "integrity": "sha1-7PNQnECsZWfJaiBGIrDExL9DyKE=",
            "license": "MIT"
        },
        "node_modules/float-rgb2hsl": {
            "version": "1.0.1",
            "resolved": "https://artifactory.uat.nuix.com:443/artifactory/api/npm/nuix-npm-virtual/float-rgb2hsl/-/float-rgb2hsl-1.0.1.tgz",
            "integrity": "sha1-jv6qD8cm5TNjp5vz9jYIIFXBDA4=",
            "license": "MIT"
        },
        "node_modules/function-bind": {
            "version": "1.1.1",
            "resolved": "https://artifactory.uat.nuix.com:443/artifactory/api/npm/nuix-npm-virtual/function-bind/-/function-bind-1.1.1.tgz",
            "integrity": "sha1-pWiZ0+o8m6uHS7l3O3xe3pL0iV0=",
            "license": "MIT"
        },
        "node_modules/get-canvas-context": {
            "version": "1.0.2",
            "resolved": "https://artifactory.uat.nuix.com:443/artifactory/api/npm/nuix-npm-virtual/get-canvas-context/-/get-canvas-context-1.0.2.tgz",
            "integrity": "sha1-1ue1C8TkyGNXzTnyJkeoS3NgHpM=",
            "license": "MIT"
        },
        "node_modules/get-intrinsic": {
            "version": "1.1.1",
            "resolved": "https://artifactory.uat.nuix.com:443/artifactory/api/npm/nuix-npm-virtual/get-intrinsic/-/get-intrinsic-1.1.1.tgz",
            "integrity": "sha1-FfWfN2+FXERpY5SPDSTNNje0q8Y=",
            "license": "MIT",
            "dependencies": {
                "function-bind": "^1.1.1",
                "has": "^1.0.3",
                "has-symbols": "^1.0.1"
            },
            "funding": {
                "url": "https://github.com/sponsors/ljharb"
            }
        },
        "node_modules/has": {
            "version": "1.0.3",
            "resolved": "https://artifactory.uat.nuix.com:443/artifactory/api/npm/nuix-npm-virtual/has/-/has-1.0.3.tgz",
            "integrity": "sha1-ci18v8H2qoJB8W3YFOAR4fQeh5Y=",
            "license": "MIT",
            "dependencies": {
                "function-bind": "^1.1.1"
            },
            "engines": {
                "node": ">= 0.4.0"
            }
        },
        "node_modules/has-symbols": {
            "version": "1.0.2",
            "resolved": "https://artifactory.uat.nuix.com:443/artifactory/api/npm/nuix-npm-virtual/has-symbols/-/has-symbols-1.0.2.tgz",
            "integrity": "sha1-Fl0wcMADCXUqEjakeTMeOsVvFCM=",
            "license": "MIT",
            "engines": {
                "node": ">= 0.4"
            },
            "funding": {
                "url": "https://github.com/sponsors/ljharb"
            }
        },
        "node_modules/has-tostringtag": {
            "version": "1.0.0",
            "resolved": "https://artifactory.uat.nuix.com:443/artifactory/api/npm/nuix-npm-virtual/has-tostringtag/-/has-tostringtag-1.0.0.tgz",
            "integrity": "sha1-fhM4GKfTlHNPlB5zw9P5KR5liyU=",
            "license": "MIT",
            "dependencies": {
                "has-symbols": "^1.0.2"
            },
            "engines": {
                "node": ">= 0.4"
            },
            "funding": {
                "url": "https://github.com/sponsors/ljharb"
            }
        },
        "node_modules/is-arguments": {
            "version": "1.1.1",
            "resolved": "https://artifactory.uat.nuix.com:443/artifactory/api/npm/nuix-npm-virtual/is-arguments/-/is-arguments-1.1.1.tgz",
            "integrity": "sha1-FbP4j9oB8ql/7ITKdhpWDxI++ps=",
            "license": "MIT",
            "dependencies": {
                "call-bind": "^1.0.2",
                "has-tostringtag": "^1.0.0"
            },
            "engines": {
                "node": ">= 0.4"
            },
            "funding": {
                "url": "https://github.com/sponsors/ljharb"
            }
        },
        "node_modules/is-class": {
            "version": "0.0.5",
            "resolved": "https://artifactory.uat.nuix.com:443/artifactory/api/npm/nuix-npm-virtual/is-class/-/is-class-0.0.5.tgz",
            "integrity": "sha1-IgqEZdJPmhQggtBsfFbts5BSQW0=",
            "license": "MIT"
        },
        "node_modules/is-date-object": {
            "version": "1.0.5",
            "resolved": "https://artifactory.uat.nuix.com:443/artifactory/api/npm/nuix-npm-virtual/is-date-object/-/is-date-object-1.0.5.tgz",
            "integrity": "sha1-CEHVU25yTCVZe/bqYuG9OCmN8x8=",
            "license": "MIT",
            "dependencies": {
                "has-tostringtag": "^1.0.0"
            },
            "engines": {
                "node": ">= 0.4"
            },
            "funding": {
                "url": "https://github.com/sponsors/ljharb"
            }
        },
        "node_modules/is-dom": {
            "version": "1.1.0",
            "resolved": "https://artifactory.uat.nuix.com:443/artifactory/api/npm/nuix-npm-virtual/is-dom/-/is-dom-1.1.0.tgz",
            "integrity": "sha1-rx/O0pJ0JEO7Wco/dqtegJB7Too=",
            "license": "MIT",
            "dependencies": {
                "is-object": "^1.0.1",
                "is-window": "^1.0.2"
            }
        },
        "node_modules/is-object": {
            "version": "1.0.2",
            "resolved": "https://artifactory.uat.nuix.com:443/artifactory/api/npm/nuix-npm-virtual/is-object/-/is-object-1.0.2.tgz",
            "integrity": "sha1-pWVS4cZlyelQtKAlRh2ofnL4b88=",
            "license": "MIT",
            "funding": {
                "url": "https://github.com/sponsors/ljharb"
            }
        },
        "node_modules/is-promise": {
            "version": "2.2.2",
            "resolved": "https://artifactory.uat.nuix.com:443/artifactory/api/npm/nuix-npm-virtual/is-promise/-/is-promise-2.2.2.tgz",
            "integrity": "sha1-OauVnMv5p3TPB597QMeib3YxNfE=",
            "license": "MIT"
        },
        "node_modules/is-regex": {
            "version": "1.1.4",
            "resolved": "https://artifactory.uat.nuix.com:443/artifactory/api/npm/nuix-npm-virtual/is-regex/-/is-regex-1.1.4.tgz",
            "integrity": "sha1-7vVmPNWfpMCuM5UFMj32hUuxWVg=",
            "license": "MIT",
            "dependencies": {
                "call-bind": "^1.0.2",
                "has-tostringtag": "^1.0.0"
            },
            "engines": {
                "node": ">= 0.4"
            },
            "funding": {
                "url": "https://github.com/sponsors/ljharb"
            }
        },
        "node_modules/is-window": {
            "version": "1.0.2",
            "resolved": "https://artifactory.uat.nuix.com:443/artifactory/api/npm/nuix-npm-virtual/is-window/-/is-window-1.0.2.tgz",
            "integrity": "sha1-LIlspT25feRdPDMTOmXYyfVjSA0=",
            "license": "MIT"
        },
        "node_modules/lineclip": {
            "version": "1.1.5",
            "resolved": "https://artifactory.uat.nuix.com:443/artifactory/api/npm/nuix-npm-virtual/lineclip/-/lineclip-1.1.5.tgz",
            "integrity": "sha1-K/JgZ9lDVP6r+R5CdoI221YW/RM=",
            "license": "ISC"
        },
        "node_modules/normalize-svg-path": {
            "version": "1.1.0",
            "resolved": "https://artifactory.uat.nuix.com:443/artifactory/api/npm/nuix-npm-virtual/normalize-svg-path/-/normalize-svg-path-1.1.0.tgz",
            "integrity": "sha1-DmFOyiPDnwz/6CHWvmzRflaadmw=",
            "license": "MIT",
            "dependencies": {
                "svg-arc-to-cubic-bezier": "^3.0.0"
            }
        },
        "node_modules/object-assign": {
            "version": "4.1.1",
            "resolved": "https://artifactory.uat.nuix.com:443/artifactory/api/npm/nuix-npm-virtual/object-assign/-/object-assign-4.1.1.tgz",
            "integrity": "sha1-IQmtx5ZYh8/AXLvUQsrIv7s2CGM=",
            "license": "MIT",
            "engines": {
                "node": ">=0.10.0"
            }
        },
        "node_modules/object-is": {
            "version": "1.1.5",
            "resolved": "https://artifactory.uat.nuix.com:443/artifactory/api/npm/nuix-npm-virtual/object-is/-/object-is-1.1.5.tgz",
            "integrity": "sha1-ud7qpfx/GEag+uzc7sE45XePU6w=",
            "license": "MIT",
            "dependencies": {
                "call-bind": "^1.0.2",
                "define-properties": "^1.1.3"
            },
            "engines": {
                "node": ">= 0.4"
            },
            "funding": {
                "url": "https://github.com/sponsors/ljharb"
            }
        },
        "node_modules/object-keys": {
            "version": "1.1.1",
            "resolved": "https://artifactory.uat.nuix.com:443/artifactory/api/npm/nuix-npm-virtual/object-keys/-/object-keys-1.1.1.tgz",
            "integrity": "sha1-HEfyct8nfzsdrwYWd9nILiMixg4=",
            "license": "MIT",
            "engines": {
                "node": ">= 0.4"
            }
        },
        "node_modules/p5": {
            "version": "1.4.0",
            "resolved": "https://artifactory.uat.nuix.com:443/artifactory/api/npm/nuix-npm-virtual/p5/-/p5-1.4.0.tgz",
            "integrity": "sha1-1NDwAcKXUlgxhhr14BfNte9RenU=",
            "license": "LGPL-2.1"
        },
        "node_modules/pad-left": {
            "version": "2.1.0",
            "resolved": "https://artifactory.uat.nuix.com:443/artifactory/api/npm/nuix-npm-virtual/pad-left/-/pad-left-2.1.0.tgz",
            "integrity": "sha1-FuajstRKjhOMsIOMx8tAOk/J6ZQ=",
            "license": "MIT",
            "dependencies": {
                "repeat-string": "^1.5.4"
            },
            "engines": {
                "node": ">=0.10.0"
            }
        },
        "node_modules/parse-color": {
            "version": "1.0.0",
            "resolved": "https://artifactory.uat.nuix.com:443/artifactory/api/npm/nuix-npm-virtual/parse-color/-/parse-color-1.0.0.tgz",
            "integrity": "sha1-e3SLlag/A/FqlPU15S1/PZRlhhk=",
            "license": "MIT",
            "dependencies": {
                "color-convert": "~0.5.0"
            }
        },
        "node_modules/parse-svg-path": {
            "version": "0.1.2",
            "resolved": "https://artifactory.uat.nuix.com:443/artifactory/api/npm/nuix-npm-virtual/parse-svg-path/-/parse-svg-path-0.1.2.tgz",
            "integrity": "sha1-en7A0esG+lMlx9PgCbhZoJtdSes=",
            "license": "MIT"
        },
        "node_modules/primitive-quad": {
            "version": "2.0.0",
            "resolved": "https://artifactory.uat.nuix.com:443/artifactory/api/npm/nuix-npm-virtual/primitive-quad/-/primitive-quad-2.0.0.tgz",
            "integrity": "sha1-wgmT5PlgAjiSa7UA5SkFMEPvius=",
            "license": "MIT"
        },
        "node_modules/regexp.prototype.flags": {
            "version": "1.3.1",
            "resolved": "https://artifactory.uat.nuix.com:443/artifactory/api/npm/nuix-npm-virtual/regexp.prototype.flags/-/regexp.prototype.flags-1.3.1.tgz",
            "integrity": "sha1-fvNSro0VnnWMDq3Kb4/LTu8HviY=",
            "license": "MIT",
            "dependencies": {
                "call-bind": "^1.0.2",
                "define-properties": "^1.1.3"
            },
            "engines": {
                "node": ">= 0.4"
            },
            "funding": {
                "url": "https://github.com/sponsors/ljharb"
            }
        },
        "node_modules/regl": {
            "version": "1.7.0",
            "resolved": "https://artifactory.uat.nuix.com:443/artifactory/api/npm/nuix-npm-virtual/regl/-/regl-1.7.0.tgz",
            "integrity": "sha1-DRhUMQRKNWv4Dpt3WxG5Ne8nRtM=",
            "license": "MIT"
        },
        "node_modules/repeat-string": {
            "version": "1.6.1",
            "resolved": "https://artifactory.uat.nuix.com:443/artifactory/api/npm/nuix-npm-virtual/repeat-string/-/repeat-string-1.6.1.tgz",
            "integrity": "sha1-jcrkcOHIirwtYA//Sndihtp15jc=",
            "license": "MIT",
            "engines": {
                "node": ">=0.10"
            }
        },
        "node_modules/right-now": {
            "version": "1.0.0",
            "resolved": "https://artifactory.uat.nuix.com:443/artifactory/api/npm/nuix-npm-virtual/right-now/-/right-now-1.0.0.tgz",
            "integrity": "sha1-bolgne69fc2vja7Mmuo5z1haCRg=",
            "license": "MIT"
        },
        "node_modules/seed-random": {
            "version": "2.2.0",
            "resolved": "https://artifactory.uat.nuix.com:443/artifactory/api/npm/nuix-npm-virtual/seed-random/-/seed-random-2.2.0.tgz",
            "integrity": "sha1-KpsZ4lCoFwmSMaW5mk2vgLf77VQ=",
            "license": "MIT"
        },
        "node_modules/simplex-noise": {
            "version": "2.4.0",
            "resolved": "https://artifactory.uat.nuix.com:443/artifactory/api/npm/nuix-npm-virtual/simplex-noise/-/simplex-noise-2.4.0.tgz",
            "integrity": "sha1-gbNFj7ItzMO8jdmpd8c3l/hvUjo=",
            "license": "MIT"
        },
        "node_modules/svg-arc-to-cubic-bezier": {
            "version": "3.2.0",
            "resolved": "https://artifactory.uat.nuix.com:443/artifactory/api/npm/nuix-npm-virtual/svg-arc-to-cubic-bezier/-/svg-arc-to-cubic-bezier-3.2.0.tgz",
            "integrity": "sha1-OQxFADWuHEoBBNkGUDBMO8gUq+Y=",
            "license": "ISC"
        },
        "node_modules/svg-path-contours": {
            "version": "2.0.0",
            "resolved": "https://artifactory.uat.nuix.com:443/artifactory/api/npm/nuix-npm-virtual/svg-path-contours/-/svg-path-contours-2.0.0.tgz",
            "integrity": "sha1-x2oSlCnbBette2Hk0cWNEUqJOKI=",
            "license": "MIT",
            "dependencies": {
                "abs-svg-path": "^0.1.1",
                "adaptive-bezier-curve": "^1.0.3",
                "normalize-svg-path": "^0.1.0",
                "vec2-copy": "^1.0.0"
            }
        },
        "node_modules/svg-path-contours/node_modules/normalize-svg-path": {
            "version": "0.1.0",
            "resolved": "https://artifactory.uat.nuix.com:443/artifactory/api/npm/nuix-npm-virtual/normalize-svg-path/-/normalize-svg-path-0.1.0.tgz",
            "integrity": "sha1-RWNg5g7Odfvve11+FgSA5//Rb+U=",
            "license": "MIT"
        },
        "node_modules/vec2-copy": {
            "version": "1.0.0",
            "resolved": "https://artifactory.uat.nuix.com:443/artifactory/api/npm/nuix-npm-virtual/vec2-copy/-/vec2-copy-1.0.0.tgz",
            "integrity": "sha1-xu7B2NrVRiUZTl9x+EM7YtLyCno=",
            "license": "MIT"
        }
    },
    "dependencies": {
        "abs-svg-path": {
            "version": "0.1.1",
            "resolved": "https://artifactory.uat.nuix.com:443/artifactory/api/npm/nuix-npm-virtual/abs-svg-path/-/abs-svg-path-0.1.1.tgz",
            "integrity": "sha1-32Acjo0roQ1KdtYl4japo5wnI78="
        },
        "adaptive-bezier-curve": {
            "version": "1.0.3",
            "resolved": "https://artifactory.uat.nuix.com:443/artifactory/api/npm/nuix-npm-virtual/adaptive-bezier-curve/-/adaptive-bezier-curve-1.0.3.tgz",
            "integrity": "sha1-R3V3q+h9coDUbKQWSfbCJkb+gic="
        },
        "almost-equal": {
            "version": "1.1.0",
            "resolved": "https://artifactory.uat.nuix.com:443/artifactory/api/npm/nuix-npm-virtual/almost-equal/-/almost-equal-1.1.0.tgz",
            "integrity": "sha1-+FHGMROHV5lCdqou++jfowZszN0="
        },
        "an-array": {
            "version": "1.0.0",
            "resolved": "https://artifactory.uat.nuix.com:443/artifactory/api/npm/nuix-npm-virtual/an-array/-/an-array-1.0.0.tgz",
            "integrity": "sha1-wSWlu4JXd4419LT2qpx9D6nkJmU="
        },
        "array-almost-equal": {
            "version": "1.0.0",
            "resolved": "https://artifactory.uat.nuix.com:443/artifactory/api/npm/nuix-npm-virtual/array-almost-equal/-/array-almost-equal-1.0.0.tgz",
            "integrity": "sha1-Q8VP9DUELpy/pCEqxJraX8c1n8U=",
            "requires": {
                "almost-equal": "0.0.0",
                "an-array": "^1.0.0"
            },
            "dependencies": {
                "almost-equal": {
                    "version": "0.0.0",
                    "resolved": "https://artifactory.uat.nuix.com:443/artifactory/api/npm/nuix-npm-virtual/almost-equal/-/almost-equal-0.0.0.tgz",
                    "integrity": "sha1-56Wms0V7Z8g+4ARPmo0HY3NV8C0="
                }
            }
        },
        "call-bind": {
            "version": "1.0.2",
            "resolved": "https://artifactory.uat.nuix.com:443/artifactory/api/npm/nuix-npm-virtual/call-bind/-/call-bind-1.0.2.tgz",
            "integrity": "sha1-sdTonmiBGcPJqQOtMKuy9qkZvjw=",
            "requires": {
                "function-bind": "^1.1.1",
                "get-intrinsic": "^1.0.2"
            }
        },
        "canvas-sketch": {
            "version": "0.7.4",
            "resolved": "https://artifactory.uat.nuix.com:443/artifactory/api/npm/nuix-npm-virtual/canvas-sketch/-/canvas-sketch-0.7.4.tgz",
            "integrity": "sha1-NY5O/IsBHp8Tq/sPyy/8ju0f4lU=",
            "requires": {
                "convert-length": "^1.0.1",
                "dateformat": "^3.0.3",
                "deep-equal": "^1.0.1",
                "get-canvas-context": "^1.0.2",
                "is-class": "0.0.5",
                "is-dom": "^1.0.9",
                "is-promise": "^2.1.0",
                "object-assign": "^4.1.1",
                "pad-left": "^2.1.0",
                "right-now": "^1.0.0"
            }
        },
        "canvas-sketch-util": {
            "version": "1.10.0",
            "resolved": "https://artifactory.uat.nuix.com:443/artifactory/api/npm/nuix-npm-virtual/canvas-sketch-util/-/canvas-sketch-util-1.10.0.tgz",
            "integrity": "sha1-k9Eao3j4mR7Qg30b+OpzgTL0Hx4=",
            "requires": {
                "abs-svg-path": "^0.1.1",
                "almost-equal": "^1.1.0",
                "array-almost-equal": "^1.0.0",
                "clone": "^2.1.2",
                "color-luminance": "^2.1.0",
                "convert-length": "^1.0.1",
                "d3-path": "^1.0.8",
                "defined": "^1.0.0",
                "float-hsl2rgb": "^1.0.2",
                "float-rgb2hsl": "^1.0.1",
                "lineclip": "^1.1.5",
                "normalize-svg-path": "^1.0.1",
                "parse-color": "^1.0.0",
                "parse-svg-path": "^0.1.2",
                "primitive-quad": "^2.0.0",
                "regl": "^1.3.7",
                "seed-random": "^2.2.0",
                "simplex-noise": "^2.4.0",
                "svg-path-contours": "^2.0.0"
            }
        },
        "clone": {
            "version": "2.1.2",
            "resolved": "https://artifactory.uat.nuix.com:443/artifactory/api/npm/nuix-npm-virtual/clone/-/clone-2.1.2.tgz",
            "integrity": "sha1-G39Ln1kfHo+DZwQBYANFoCiHQ18="
        },
        "color-convert": {
            "version": "0.5.3",
            "resolved": "https://artifactory.uat.nuix.com:443/artifactory/api/npm/nuix-npm-virtual/color-convert/-/color-convert-0.5.3.tgz",
            "integrity": "sha1-vbbGnOZg+t/+CwAHzER+G59ygr0="
        },
        "color-luminance": {
            "version": "2.1.0",
            "resolved": "https://artifactory.uat.nuix.com:443/artifactory/api/npm/nuix-npm-virtual/color-luminance/-/color-luminance-2.1.0.tgz",
            "integrity": "sha1-WP8uvTK1LQf1N47v5aDnnWsxitc="
        },
        "convert-length": {
            "version": "1.0.1",
            "resolved": "https://artifactory.uat.nuix.com:443/artifactory/api/npm/nuix-npm-virtual/convert-length/-/convert-length-1.0.1.tgz",
            "integrity": "sha1-tmx9wffRgZFmZ8l39Xvi8esXwbc=",
            "requires": {
                "defined": "^1.0.0"
            }
        },
        "d3-path": {
            "version": "1.0.9",
            "resolved": "https://artifactory.uat.nuix.com:443/artifactory/api/npm/nuix-npm-virtual/d3-path/-/d3-path-1.0.9.tgz",
            "integrity": "sha1-SMBQux/owmJJOoyvVSTj6VkXAc8="
        },
        "dateformat": {
            "version": "3.0.3",
            "resolved": "https://artifactory.uat.nuix.com:443/artifactory/api/npm/nuix-npm-virtual/dateformat/-/dateformat-3.0.3.tgz",
            "integrity": "sha1-puN0maTZqc+F71hyBE1ikByYia4="
        },
        "deep-equal": {
            "version": "1.1.1",
            "resolved": "https://artifactory.uat.nuix.com:443/artifactory/api/npm/nuix-npm-virtual/deep-equal/-/deep-equal-1.1.1.tgz",
            "integrity": "sha1-tcmMlCzv+vfLBR4k4UNKJaLmB2o=",
            "requires": {
                "is-arguments": "^1.0.4",
                "is-date-object": "^1.0.1",
                "is-regex": "^1.0.4",
                "object-is": "^1.0.1",
                "object-keys": "^1.1.1",
                "regexp.prototype.flags": "^1.2.0"
            }
        },
        "define-properties": {
            "version": "1.1.3",
            "resolved": "https://artifactory.uat.nuix.com:443/artifactory/api/npm/nuix-npm-virtual/define-properties/-/define-properties-1.1.3.tgz",
            "integrity": "sha1-z4jabL7ib+bbcJT2HYcMvYTO6fE=",
            "requires": {
                "object-keys": "^1.0.12"
            }
        },
        "defined": {
            "version": "1.0.0",
            "resolved": "https://artifactory.uat.nuix.com:443/artifactory/api/npm/nuix-npm-virtual/defined/-/defined-1.0.0.tgz",
            "integrity": "sha1-yY2bzvdWdBiOEQlpFRGZ45sfppM="
        },
        "float-hsl2rgb": {
            "version": "1.0.2",
            "resolved": "https://artifactory.uat.nuix.com:443/artifactory/api/npm/nuix-npm-virtual/float-hsl2rgb/-/float-hsl2rgb-1.0.2.tgz",
            "integrity": "sha1-7PNQnECsZWfJaiBGIrDExL9DyKE="
        },
        "float-rgb2hsl": {
            "version": "1.0.1",
            "resolved": "https://artifactory.uat.nuix.com:443/artifactory/api/npm/nuix-npm-virtual/float-rgb2hsl/-/float-rgb2hsl-1.0.1.tgz",
            "integrity": "sha1-jv6qD8cm5TNjp5vz9jYIIFXBDA4="
        },
        "function-bind": {
            "version": "1.1.1",
            "resolved": "https://artifactory.uat.nuix.com:443/artifactory/api/npm/nuix-npm-virtual/function-bind/-/function-bind-1.1.1.tgz",
            "integrity": "sha1-pWiZ0+o8m6uHS7l3O3xe3pL0iV0="
        },
        "get-canvas-context": {
            "version": "1.0.2",
            "resolved": "https://artifactory.uat.nuix.com:443/artifactory/api/npm/nuix-npm-virtual/get-canvas-context/-/get-canvas-context-1.0.2.tgz",
            "integrity": "sha1-1ue1C8TkyGNXzTnyJkeoS3NgHpM="
        },
        "get-intrinsic": {
            "version": "1.1.1",
            "resolved": "https://artifactory.uat.nuix.com:443/artifactory/api/npm/nuix-npm-virtual/get-intrinsic/-/get-intrinsic-1.1.1.tgz",
            "integrity": "sha1-FfWfN2+FXERpY5SPDSTNNje0q8Y=",
            "requires": {
                "function-bind": "^1.1.1",
                "has": "^1.0.3",
                "has-symbols": "^1.0.1"
            }
        },
        "has": {
            "version": "1.0.3",
            "resolved": "https://artifactory.uat.nuix.com:443/artifactory/api/npm/nuix-npm-virtual/has/-/has-1.0.3.tgz",
            "integrity": "sha1-ci18v8H2qoJB8W3YFOAR4fQeh5Y=",
            "requires": {
                "function-bind": "^1.1.1"
            }
        },
        "has-symbols": {
            "version": "1.0.2",
            "resolved": "https://artifactory.uat.nuix.com:443/artifactory/api/npm/nuix-npm-virtual/has-symbols/-/has-symbols-1.0.2.tgz",
            "integrity": "sha1-Fl0wcMADCXUqEjakeTMeOsVvFCM="
        },
        "has-tostringtag": {
            "version": "1.0.0",
            "resolved": "https://artifactory.uat.nuix.com:443/artifactory/api/npm/nuix-npm-virtual/has-tostringtag/-/has-tostringtag-1.0.0.tgz",
            "integrity": "sha1-fhM4GKfTlHNPlB5zw9P5KR5liyU=",
            "requires": {
                "has-symbols": "^1.0.2"
            }
        },
        "is-arguments": {
            "version": "1.1.1",
            "resolved": "https://artifactory.uat.nuix.com:443/artifactory/api/npm/nuix-npm-virtual/is-arguments/-/is-arguments-1.1.1.tgz",
            "integrity": "sha1-FbP4j9oB8ql/7ITKdhpWDxI++ps=",
            "requires": {
                "call-bind": "^1.0.2",
                "has-tostringtag": "^1.0.0"
            }
        },
        "is-class": {
            "version": "0.0.5",
            "resolved": "https://artifactory.uat.nuix.com:443/artifactory/api/npm/nuix-npm-virtual/is-class/-/is-class-0.0.5.tgz",
            "integrity": "sha1-IgqEZdJPmhQggtBsfFbts5BSQW0="
        },
        "is-date-object": {
            "version": "1.0.5",
            "resolved": "https://artifactory.uat.nuix.com:443/artifactory/api/npm/nuix-npm-virtual/is-date-object/-/is-date-object-1.0.5.tgz",
            "integrity": "sha1-CEHVU25yTCVZe/bqYuG9OCmN8x8=",
            "requires": {
                "has-tostringtag": "^1.0.0"
            }
        },
        "is-dom": {
            "version": "1.1.0",
            "resolved": "https://artifactory.uat.nuix.com:443/artifactory/api/npm/nuix-npm-virtual/is-dom/-/is-dom-1.1.0.tgz",
            "integrity": "sha1-rx/O0pJ0JEO7Wco/dqtegJB7Too=",
            "requires": {
                "is-object": "^1.0.1",
                "is-window": "^1.0.2"
            }
        },
        "is-object": {
            "version": "1.0.2",
            "resolved": "https://artifactory.uat.nuix.com:443/artifactory/api/npm/nuix-npm-virtual/is-object/-/is-object-1.0.2.tgz",
            "integrity": "sha1-pWVS4cZlyelQtKAlRh2ofnL4b88="
        },
        "is-promise": {
            "version": "2.2.2",
            "resolved": "https://artifactory.uat.nuix.com:443/artifactory/api/npm/nuix-npm-virtual/is-promise/-/is-promise-2.2.2.tgz",
            "integrity": "sha1-OauVnMv5p3TPB597QMeib3YxNfE="
        },
        "is-regex": {
            "version": "1.1.4",
            "resolved": "https://artifactory.uat.nuix.com:443/artifactory/api/npm/nuix-npm-virtual/is-regex/-/is-regex-1.1.4.tgz",
            "integrity": "sha1-7vVmPNWfpMCuM5UFMj32hUuxWVg=",
            "requires": {
                "call-bind": "^1.0.2",
                "has-tostringtag": "^1.0.0"
            }
        },
        "is-window": {
            "version": "1.0.2",
            "resolved": "https://artifactory.uat.nuix.com:443/artifactory/api/npm/nuix-npm-virtual/is-window/-/is-window-1.0.2.tgz",
            "integrity": "sha1-LIlspT25feRdPDMTOmXYyfVjSA0="
        },
        "lineclip": {
            "version": "1.1.5",
            "resolved": "https://artifactory.uat.nuix.com:443/artifactory/api/npm/nuix-npm-virtual/lineclip/-/lineclip-1.1.5.tgz",
            "integrity": "sha1-K/JgZ9lDVP6r+R5CdoI221YW/RM="
        },
        "normalize-svg-path": {
            "version": "1.1.0",
            "resolved": "https://artifactory.uat.nuix.com:443/artifactory/api/npm/nuix-npm-virtual/normalize-svg-path/-/normalize-svg-path-1.1.0.tgz",
            "integrity": "sha1-DmFOyiPDnwz/6CHWvmzRflaadmw=",
            "requires": {
                "svg-arc-to-cubic-bezier": "^3.0.0"
            }
        },
        "object-assign": {
            "version": "4.1.1",
            "resolved": "https://artifactory.uat.nuix.com:443/artifactory/api/npm/nuix-npm-virtual/object-assign/-/object-assign-4.1.1.tgz",
            "integrity": "sha1-IQmtx5ZYh8/AXLvUQsrIv7s2CGM="
        },
        "object-is": {
            "version": "1.1.5",
            "resolved": "https://artifactory.uat.nuix.com:443/artifactory/api/npm/nuix-npm-virtual/object-is/-/object-is-1.1.5.tgz",
            "integrity": "sha1-ud7qpfx/GEag+uzc7sE45XePU6w=",
            "requires": {
                "call-bind": "^1.0.2",
                "define-properties": "^1.1.3"
            }
        },
        "object-keys": {
            "version": "1.1.1",
            "resolved": "https://artifactory.uat.nuix.com:443/artifactory/api/npm/nuix-npm-virtual/object-keys/-/object-keys-1.1.1.tgz",
            "integrity": "sha1-HEfyct8nfzsdrwYWd9nILiMixg4="
        },
        "p5": {
            "version": "1.4.0",
            "resolved": "https://artifactory.uat.nuix.com:443/artifactory/api/npm/nuix-npm-virtual/p5/-/p5-1.4.0.tgz",
            "integrity": "sha1-1NDwAcKXUlgxhhr14BfNte9RenU="
        },
        "pad-left": {
            "version": "2.1.0",
            "resolved": "https://artifactory.uat.nuix.com:443/artifactory/api/npm/nuix-npm-virtual/pad-left/-/pad-left-2.1.0.tgz",
            "integrity": "sha1-FuajstRKjhOMsIOMx8tAOk/J6ZQ=",
            "requires": {
                "repeat-string": "^1.5.4"
            }
        },
        "parse-color": {
            "version": "1.0.0",
            "resolved": "https://artifactory.uat.nuix.com:443/artifactory/api/npm/nuix-npm-virtual/parse-color/-/parse-color-1.0.0.tgz",
            "integrity": "sha1-e3SLlag/A/FqlPU15S1/PZRlhhk=",
            "requires": {
                "color-convert": "~0.5.0"
            }
        },
        "parse-svg-path": {
            "version": "0.1.2",
            "resolved": "https://artifactory.uat.nuix.com:443/artifactory/api/npm/nuix-npm-virtual/parse-svg-path/-/parse-svg-path-0.1.2.tgz",
            "integrity": "sha1-en7A0esG+lMlx9PgCbhZoJtdSes="
        },
        "primitive-quad": {
            "version": "2.0.0",
            "resolved": "https://artifactory.uat.nuix.com:443/artifactory/api/npm/nuix-npm-virtual/primitive-quad/-/primitive-quad-2.0.0.tgz",
            "integrity": "sha1-wgmT5PlgAjiSa7UA5SkFMEPvius="
        },
        "regexp.prototype.flags": {
            "version": "1.3.1",
            "resolved": "https://artifactory.uat.nuix.com:443/artifactory/api/npm/nuix-npm-virtual/regexp.prototype.flags/-/regexp.prototype.flags-1.3.1.tgz",
            "integrity": "sha1-fvNSro0VnnWMDq3Kb4/LTu8HviY=",
            "requires": {
                "call-bind": "^1.0.2",
                "define-properties": "^1.1.3"
            }
        },
        "regl": {
            "version": "1.7.0",
            "resolved": "https://artifactory.uat.nuix.com:443/artifactory/api/npm/nuix-npm-virtual/regl/-/regl-1.7.0.tgz",
            "integrity": "sha1-DRhUMQRKNWv4Dpt3WxG5Ne8nRtM="
        },
        "repeat-string": {
            "version": "1.6.1",
            "resolved": "https://artifactory.uat.nuix.com:443/artifactory/api/npm/nuix-npm-virtual/repeat-string/-/repeat-string-1.6.1.tgz",
            "integrity": "sha1-jcrkcOHIirwtYA//Sndihtp15jc="
        },
        "right-now": {
            "version": "1.0.0",
            "resolved": "https://artifactory.uat.nuix.com:443/artifactory/api/npm/nuix-npm-virtual/right-now/-/right-now-1.0.0.tgz",
            "integrity": "sha1-bolgne69fc2vja7Mmuo5z1haCRg="
        },
        "seed-random": {
            "version": "2.2.0",
            "resolved": "https://artifactory.uat.nuix.com:443/artifactory/api/npm/nuix-npm-virtual/seed-random/-/seed-random-2.2.0.tgz",
            "integrity": "sha1-KpsZ4lCoFwmSMaW5mk2vgLf77VQ="
        },
        "simplex-noise": {
            "version": "2.4.0",
            "resolved": "https://artifactory.uat.nuix.com:443/artifactory/api/npm/nuix-npm-virtual/simplex-noise/-/simplex-noise-2.4.0.tgz",
            "integrity": "sha1-gbNFj7ItzMO8jdmpd8c3l/hvUjo="
        },
        "svg-arc-to-cubic-bezier": {
            "version": "3.2.0",
            "resolved": "https://artifactory.uat.nuix.com:443/artifactory/api/npm/nuix-npm-virtual/svg-arc-to-cubic-bezier/-/svg-arc-to-cubic-bezier-3.2.0.tgz",
            "integrity": "sha1-OQxFADWuHEoBBNkGUDBMO8gUq+Y="
        },
        "svg-path-contours": {
            "version": "2.0.0",
            "resolved": "https://artifactory.uat.nuix.com:443/artifactory/api/npm/nuix-npm-virtual/svg-path-contours/-/svg-path-contours-2.0.0.tgz",
            "integrity": "sha1-x2oSlCnbBette2Hk0cWNEUqJOKI=",
            "requires": {
                "abs-svg-path": "^0.1.1",
                "adaptive-bezier-curve": "^1.0.3",
                "normalize-svg-path": "^0.1.0",
                "vec2-copy": "^1.0.0"
            },
            "dependencies": {
                "normalize-svg-path": {
                    "version": "0.1.0",
                    "resolved": "https://artifactory.uat.nuix.com:443/artifactory/api/npm/nuix-npm-virtual/normalize-svg-path/-/normalize-svg-path-0.1.0.tgz",
                    "integrity": "sha1-RWNg5g7Odfvve11+FgSA5//Rb+U="
                }
            }
        },
        "vec2-copy": {
            "version": "1.0.0",
            "resolved": "https://artifactory.uat.nuix.com:443/artifactory/api/npm/nuix-npm-virtual/vec2-copy/-/vec2-copy-1.0.0.tgz",
            "integrity": "sha1-xu7B2NrVRiUZTl9x+EM7YtLyCno="
        }
    }
}
